// !$*UTF8*$!
{
	archiveVersion = 1;
	classes = {
	};
	objectVersion = 55;
	objects = {

/* Begin PBXBuildFile section */
		864E2D7927414C5B008FD08E /* FavoriteButton.swift in Sources */ = {isa = PBXBuildFile; fileRef = 864E2D7827414C5B008FD08E /* FavoriteButton.swift */; };
		864E2D7D274154B0008FD08E /* HexagonParameters.swift in Sources */ = {isa = PBXBuildFile; fileRef = 864E2D7C274154B0008FD08E /* HexagonParameters.swift */; };
		8652AF84276C800D0032BA6E /* Profile.swift in Sources */ = {isa = PBXBuildFile; fileRef = 8652AF83276C800D0032BA6E /* Profile.swift */; };
		8652AF87276C829C0032BA6E /* ProfileHost.swift in Sources */ = {isa = PBXBuildFile; fileRef = 8652AF86276C829C0032BA6E /* ProfileHost.swift */; };
		8652AF89276C88DE0032BA6E /* ProfileSummary.swift in Sources */ = {isa = PBXBuildFile; fileRef = 8652AF88276C88DE0032BA6E /* ProfileSummary.swift */; };
		866B3275274514F10059203A /* CategoryHome.swift in Sources */ = {isa = PBXBuildFile; fileRef = 866B3274274514F10059203A /* CategoryHome.swift */; };
		866CEC362741B93000C23414 /* BadgeBackground.swift in Sources */ = {isa = PBXBuildFile; fileRef = 866CEC352741B93000C23414 /* BadgeBackground.swift */; };
		86A6EDB12745200900A5EF9B /* CategoryRow.swift in Sources */ = {isa = PBXBuildFile; fileRef = 86A6EDB02745200900A5EF9B /* CategoryRow.swift */; };
		86AEAC622743F65B00EE2899 /* hikeData.json in Resources */ = {isa = PBXBuildFile; fileRef = 86AEAC612743F65B00EE2899 /* hikeData.json */; };
		86AEAC642743F6B700EE2899 /* Hike.swift in Sources */ = {isa = PBXBuildFile; fileRef = 86AEAC632743F6B700EE2899 /* Hike.swift */; };
		86AEAC6A2743FBD300EE2899 /* GraphCapsule.swift in Sources */ = {isa = PBXBuildFile; fileRef = 86AEAC662743FBD300EE2899 /* GraphCapsule.swift */; };
		86AEAC6B2743FBD300EE2899 /* HikeGraph.swift in Sources */ = {isa = PBXBuildFile; fileRef = 86AEAC672743FBD300EE2899 /* HikeGraph.swift */; };
		86AEAC6C2743FBD300EE2899 /* HikeDetail.swift in Sources */ = {isa = PBXBuildFile; fileRef = 86AEAC682743FBD300EE2899 /* HikeDetail.swift */; };
		86AEAC6D2743FBD300EE2899 /* HikeView.swift in Sources */ = {isa = PBXBuildFile; fileRef = 86AEAC692743FBD300EE2899 /* HikeView.swift */; };
		86B37AD92761444F00F71DCE /* CategoryItem.swift in Sources */ = {isa = PBXBuildFile; fileRef = 86B37AD82761444F00F71DCE /* CategoryItem.swift */; };
		86BA434127409ABE00D4C71F /* LandmarkList.swift in Sources */ = {isa = PBXBuildFile; fileRef = 86BA434027409ABE00D4C71F /* LandmarkList.swift */; };
		86BA434327409DBA00D4C71F /* LandmarkDetail.swift in Sources */ = {isa = PBXBuildFile; fileRef = 86BA434227409DBA00D4C71F /* LandmarkDetail.swift */; };
		86D0B9F2273F065B0099C003 /* tryToCodeLandmarksApp.swift in Sources */ = {isa = PBXBuildFile; fileRef = 86D0B9F1273F065B0099C003 /* tryToCodeLandmarksApp.swift */; };
		86D0B9F4273F065B0099C003 /* ContentView.swift in Sources */ = {isa = PBXBuildFile; fileRef = 86D0B9F3273F065B0099C003 /* ContentView.swift */; };
		86D0B9F6273F065C0099C003 /* Assets.xcassets in Resources */ = {isa = PBXBuildFile; fileRef = 86D0B9F5273F065C0099C003 /* Assets.xcassets */; };
		86D0B9F9273F065C0099C003 /* Preview Assets.xcassets in Resources */ = {isa = PBXBuildFile; fileRef = 86D0B9F8273F065C0099C003 /* Preview Assets.xcassets */; };
		86DC471327407CAA00F97802 /* CircleImage.swift in Sources */ = {isa = PBXBuildFile; fileRef = 86DC471227407CAA00F97802 /* CircleImage.swift */; };
		86DC471527407EA400F97802 /* MapView.swift in Sources */ = {isa = PBXBuildFile; fileRef = 86DC471427407EA400F97802 /* MapView.swift */; };
		86DC47172740862000F97802 /* landmarkData.json in Resources */ = {isa = PBXBuildFile; fileRef = 86DC47162740862000F97802 /* landmarkData.json */; };
		86DC47192740864D00F97802 /* Landmark.swift in Sources */ = {isa = PBXBuildFile; fileRef = 86DC47182740864D00F97802 /* Landmark.swift */; };
		86DC471B27408B5A00F97802 /* ModelData.swift in Sources */ = {isa = PBXBuildFile; fileRef = 86DC471A27408B5A00F97802 /* ModelData.swift */; };
		86DC47202740915700F97802 /* LandmarkRow.swift in Sources */ = {isa = PBXBuildFile; fileRef = 86DC471F2740915700F97802 /* LandmarkRow.swift */; };
		86F8669627430EC000693F1E /* BadgeSymbol.swift in Sources */ = {isa = PBXBuildFile; fileRef = 86F8669527430EC000693F1E /* BadgeSymbol.swift */; };
		86F86698274318F800693F1E /* RotatedBadgeSymbol.swift in Sources */ = {isa = PBXBuildFile; fileRef = 86F86697274318F800693F1E /* RotatedBadgeSymbol.swift */; };
		86F8669A27431BA100693F1E /* Badge.swift in Sources */ = {isa = PBXBuildFile; fileRef = 86F8669927431BA100693F1E /* Badge.swift */; };
/* End PBXBuildFile section */

/* Begin PBXFileReference section */
		864E2D7827414C5B008FD08E /* FavoriteButton.swift */ = {isa = PBXFileReference; lastKnownFileType = sourcecode.swift; path = FavoriteButton.swift; sourceTree = "<group>"; };
		864E2D7C274154B0008FD08E /* HexagonParameters.swift */ = {isa = PBXFileReference; lastKnownFileType = sourcecode.swift; path = HexagonParameters.swift; sourceTree = "<group>"; };
		8652AF83276C800D0032BA6E /* Profile.swift */ = {isa = PBXFileReference; lastKnownFileType = sourcecode.swift; name = Profile.swift; path = tryToCodeLandmarks/Views/Profile.swift; sourceTree = SOURCE_ROOT; };
		8652AF86276C829C0032BA6E /* ProfileHost.swift */ = {isa = PBXFileReference; lastKnownFileType = sourcecode.swift; path = ProfileHost.swift; sourceTree = "<group>"; };
		8652AF88276C88DE0032BA6E /* ProfileSummary.swift */ = {isa = PBXFileReference; lastKnownFileType = sourcecode.swift; path = ProfileSummary.swift; sourceTree = "<group>"; };
		866B3274274514F10059203A /* CategoryHome.swift */ = {isa = PBXFileReference; lastKnownFileType = sourcecode.swift; path = CategoryHome.swift; sourceTree = "<group>"; };
		866CEC352741B93000C23414 /* BadgeBackground.swift */ = {isa = PBXFileReference; lastKnownFileType = sourcecode.swift; path = BadgeBackground.swift; sourceTree = "<group>"; };
		86A6EDB02745200900A5EF9B /* CategoryRow.swift */ = {isa = PBXFileReference; lastKnownFileType = sourcecode.swift; path = CategoryRow.swift; sourceTree = "<group>"; };
		86AEAC612743F65B00EE2899 /* hikeData.json */ = {isa = PBXFileReference; fileEncoding = 4; lastKnownFileType = text.json; path = hikeData.json; sourceTree = "<group>"; };
		86AEAC632743F6B700EE2899 /* Hike.swift */ = {isa = PBXFileReference; lastKnownFileType = sourcecode.swift; path = Hike.swift; sourceTree = "<group>"; };
		86AEAC662743FBD300EE2899 /* GraphCapsule.swift */ = {isa = PBXFileReference; fileEncoding = 4; lastKnownFileType = sourcecode.swift; path = GraphCapsule.swift; sourceTree = "<group>"; };
		86AEAC672743FBD300EE2899 /* HikeGraph.swift */ = {isa = PBXFileReference; fileEncoding = 4; lastKnownFileType = sourcecode.swift; path = HikeGraph.swift; sourceTree = "<group>"; };
		86AEAC682743FBD300EE2899 /* HikeDetail.swift */ = {isa = PBXFileReference; fileEncoding = 4; lastKnownFileType = sourcecode.swift; path = HikeDetail.swift; sourceTree = "<group>"; };
		86AEAC692743FBD300EE2899 /* HikeView.swift */ = {isa = PBXFileReference; fileEncoding = 4; lastKnownFileType = sourcecode.swift; path = HikeView.swift; sourceTree = "<group>"; };
		86B37AD82761444F00F71DCE /* CategoryItem.swift */ = {isa = PBXFileReference; lastKnownFileType = sourcecode.swift; path = CategoryItem.swift; sourceTree = "<group>"; };
		86BA434027409ABE00D4C71F /* LandmarkList.swift */ = {isa = PBXFileReference; lastKnownFileType = sourcecode.swift; path = LandmarkList.swift; sourceTree = "<group>"; };
		86BA434227409DBA00D4C71F /* LandmarkDetail.swift */ = {isa = PBXFileReference; lastKnownFileType = sourcecode.swift; path = LandmarkDetail.swift; sourceTree = "<group>"; };
		86D0B9EE273F065B0099C003 /* tryToCodeLandmarks.app */ = {isa = PBXFileReference; explicitFileType = wrapper.application; includeInIndex = 0; path = tryToCodeLandmarks.app; sourceTree = BUILT_PRODUCTS_DIR; };
		86D0B9F1273F065B0099C003 /* tryToCodeLandmarksApp.swift */ = {isa = PBXFileReference; lastKnownFileType = sourcecode.swift; path = tryToCodeLandmarksApp.swift; sourceTree = "<group>"; };
		86D0B9F3273F065B0099C003 /* ContentView.swift */ = {isa = PBXFileReference; lastKnownFileType = sourcecode.swift; path = ContentView.swift; sourceTree = "<group>"; };
		86D0B9F5273F065C0099C003 /* Assets.xcassets */ = {isa = PBXFileReference; lastKnownFileType = folder.assetcatalog; path = Assets.xcassets; sourceTree = "<group>"; };
		86D0B9F8273F065C0099C003 /* Preview Assets.xcassets */ = {isa = PBXFileReference; lastKnownFileType = folder.assetcatalog; path = "Preview Assets.xcassets"; sourceTree = "<group>"; };
		86DC471227407CAA00F97802 /* CircleImage.swift */ = {isa = PBXFileReference; lastKnownFileType = sourcecode.swift; path = CircleImage.swift; sourceTree = "<group>"; };
		86DC471427407EA400F97802 /* MapView.swift */ = {isa = PBXFileReference; lastKnownFileType = sourcecode.swift; path = MapView.swift; sourceTree = "<group>"; };
		86DC47162740862000F97802 /* landmarkData.json */ = {isa = PBXFileReference; fileEncoding = 4; lastKnownFileType = text.json; path = landmarkData.json; sourceTree = "<group>"; };
		86DC47182740864D00F97802 /* Landmark.swift */ = {isa = PBXFileReference; lastKnownFileType = sourcecode.swift; path = Landmark.swift; sourceTree = "<group>"; };
		86DC471A27408B5A00F97802 /* ModelData.swift */ = {isa = PBXFileReference; lastKnownFileType = sourcecode.swift; path = ModelData.swift; sourceTree = "<group>"; };
		86DC471F2740915700F97802 /* LandmarkRow.swift */ = {isa = PBXFileReference; lastKnownFileType = sourcecode.swift; path = LandmarkRow.swift; sourceTree = "<group>"; };
		86F8669527430EC000693F1E /* BadgeSymbol.swift */ = {isa = PBXFileReference; lastKnownFileType = sourcecode.swift; path = BadgeSymbol.swift; sourceTree = "<group>"; };
		86F86697274318F800693F1E /* RotatedBadgeSymbol.swift */ = {isa = PBXFileReference; lastKnownFileType = sourcecode.swift; path = RotatedBadgeSymbol.swift; sourceTree = "<group>"; };
		86F8669927431BA100693F1E /* Badge.swift */ = {isa = PBXFileReference; lastKnownFileType = sourcecode.swift; path = Badge.swift; sourceTree = "<group>"; };
/* End PBXFileReference section */

/* Begin PBXFrameworksBuildPhase section */
		86D0B9EB273F065B0099C003 /* Frameworks */ = {
			isa = PBXFrameworksBuildPhase;
			buildActionMask = 2147483647;
			files = (
			);
			runOnlyForDeploymentPostprocessing = 0;
		};
/* End PBXFrameworksBuildPhase section */

/* Begin PBXGroup section */
		864E2D7A27414EAE008FD08E /* Landmarks */ = {
			isa = PBXGroup;
			children = (
				86BA434027409ABE00D4C71F /* LandmarkList.swift */,
				86DC471F2740915700F97802 /* LandmarkRow.swift */,
				86BA434227409DBA00D4C71F /* LandmarkDetail.swift */,
			);
			path = Landmarks;
			sourceTree = "<group>";
		};
		864E2D7B27414EEB008FD08E /* Helper */ = {
			isa = PBXGroup;
			children = (
				864E2D7827414C5B008FD08E /* FavoriteButton.swift */,
				86DC471227407CAA00F97802 /* CircleImage.swift */,
				86DC471427407EA400F97802 /* MapView.swift */,
			);
			path = Helper;
			sourceTree = "<group>";
		};
		8652AF85276C826E0032BA6E /* Profiles  */ = {
			isa = PBXGroup;
			children = (
				8652AF86276C829C0032BA6E /* ProfileHost.swift */,
				8652AF88276C88DE0032BA6E /* ProfileSummary.swift */,
			);
			path = "Profiles ";
			sourceTree = "<group>";
		};
		866B3273274514C50059203A /* Categories */ = {
			isa = PBXGroup;
			children = (
			);
			path = Categories;
			sourceTree = "<group>";
		};
		86AEAC652743FBD300EE2899 /* Hikes */ = {
			isa = PBXGroup;
			children = (
				86AEAC662743FBD300EE2899 /* GraphCapsule.swift */,
				86AEAC672743FBD300EE2899 /* HikeGraph.swift */,
				86AEAC682743FBD300EE2899 /* HikeDetail.swift */,
				86AEAC692743FBD300EE2899 /* HikeView.swift */,
			);
			path = Hikes;
			sourceTree = "<group>";
		};
		86D0B9E5273F065B0099C003 = {
			isa = PBXGroup;
			children = (
				86D0B9F0273F065B0099C003 /* tryToCodeLandmarks */,
				86D0B9EF273F065B0099C003 /* Products */,
			);
			sourceTree = "<group>";
		};
		86D0B9EF273F065B0099C003 /* Products */ = {
			isa = PBXGroup;
			children = (
				86D0B9EE273F065B0099C003 /* tryToCodeLandmarks.app */,
			);
			name = Products;
			sourceTree = "<group>";
		};
		86D0B9F0273F065B0099C003 /* tryToCodeLandmarks */ = {
			isa = PBXGroup;
			children = (
				86D0B9F1273F065B0099C003 /* tryToCodeLandmarksApp.swift */,
				86DC471C27408EDC00F97802 /* Views */,
				86DC471D27408F0600F97802 /* Model */,
				86DC471E27408F3800F97802 /* Resourses */,
				86D0B9F5273F065C0099C003 /* Assets.xcassets */,
				86D0B9F7273F065C0099C003 /* Preview Content */,
				86AEAC632743F6B700EE2899 /* Hike.swift */,
			);
			path = tryToCodeLandmarks;
			sourceTree = "<group>";
		};
		86D0B9F7273F065C0099C003 /* Preview Content */ = {
			isa = PBXGroup;
			children = (
				86D0B9F8273F065C0099C003 /* Preview Assets.xcassets */,
			);
			path = "Preview Content";
			sourceTree = "<group>";
		};
		86DC471C27408EDC00F97802 /* Views */ = {
			isa = PBXGroup;
			children = (
				8652AF85276C826E0032BA6E /* Profiles  */,
				866B3273274514C50059203A /* Categories */,
				86D0B9F3273F065B0099C003 /* ContentView.swift */,
				866B3274274514F10059203A /* CategoryHome.swift */,
				86A6EDB02745200900A5EF9B /* CategoryRow.swift */,
				86B37AD82761444F00F71DCE /* CategoryItem.swift */,
				86AEAC652743FBD300EE2899 /* Hikes */,
				86F8669B27431EA500693F1E /* Badges */,
				864E2D7A27414EAE008FD08E /* Landmarks */,
				864E2D7B27414EEB008FD08E /* Helper */,
			);
			path = Views;
			sourceTree = "<group>";
		};
		86DC471D27408F0600F97802 /* Model */ = {
			isa = PBXGroup;
			children = (
				8652AF83276C800D0032BA6E /* Profile.swift */,
				86DC471A27408B5A00F97802 /* ModelData.swift */,
				86DC47182740864D00F97802 /* Landmark.swift */,
			);
			path = Model;
			sourceTree = "<group>";
		};
		86DC471E27408F3800F97802 /* Resourses */ = {
			isa = PBXGroup;
			children = (
				86AEAC612743F65B00EE2899 /* hikeData.json */,
				86DC47162740862000F97802 /* landmarkData.json */,
			);
			path = Resourses;
			sourceTree = "<group>";
		};
		86F8669B27431EA500693F1E /* Badges */ = {
			isa = PBXGroup;
			children = (
				86F8669927431BA100693F1E /* Badge.swift */,
				86F86697274318F800693F1E /* RotatedBadgeSymbol.swift */,
				86F8669527430EC000693F1E /* BadgeSymbol.swift */,
				866CEC352741B93000C23414 /* BadgeBackground.swift */,
				864E2D7C274154B0008FD08E /* HexagonParameters.swift */,
			);
			path = Badges;
			sourceTree = "<group>";
		};
/* End PBXGroup section */

/* Begin PBXNativeTarget section */
		86D0B9ED273F065B0099C003 /* tryToCodeLandmarks */ = {
			isa = PBXNativeTarget;
			buildConfigurationList = 86D0B9FC273F065C0099C003 /* Build configuration list for PBXNativeTarget "tryToCodeLandmarks" */;
			buildPhases = (
				86D0B9EA273F065B0099C003 /* Sources */,
				86D0B9EB273F065B0099C003 /* Frameworks */,
				86D0B9EC273F065B0099C003 /* Resources */,
			);
			buildRules = (
			);
			dependencies = (
			);
			name = tryToCodeLandmarks;
			productName = tryToCodeLandmarks;
			productReference = 86D0B9EE273F065B0099C003 /* tryToCodeLandmarks.app */;
			productType = "com.apple.product-type.application";
		};
/* End PBXNativeTarget section */

/* Begin PBXProject section */
		86D0B9E6273F065B0099C003 /* Project object */ = {
			isa = PBXProject;
			attributes = {
				BuildIndependentTargetsInParallel = 1;
				LastSwiftUpdateCheck = 1310;
				LastUpgradeCheck = 1310;
				TargetAttributes = {
					86D0B9ED273F065B0099C003 = {
						CreatedOnToolsVersion = 13.1;
					};
				};
			};
			buildConfigurationList = 86D0B9E9273F065B0099C003 /* Build configuration list for PBXProject "tryToCodeLandmarks" */;
			compatibilityVersion = "Xcode 13.0";
			developmentRegion = en;
			hasScannedForEncodings = 0;
			knownRegions = (
				en,
				Base,
			);
			mainGroup = 86D0B9E5273F065B0099C003;
			productRefGroup = 86D0B9EF273F065B0099C003 /* Products */;
			projectDirPath = "";
			projectRoot = "";
			targets = (
				86D0B9ED273F065B0099C003 /* tryToCodeLandmarks */,
			);
		};
/* End PBXProject section */

/* Begin PBXResourcesBuildPhase section */
		86D0B9EC273F065B0099C003 /* Resources */ = {
			isa = PBXResourcesBuildPhase;
			buildActionMask = 2147483647;
			files = (
				86AEAC622743F65B00EE2899 /* hikeData.json in Resources */,
				86D0B9F9273F065C0099C003 /* Preview Assets.xcassets in Resources */,
				86D0B9F6273F065C0099C003 /* Assets.xcassets in Resources */,
				86DC47172740862000F97802 /* landmarkData.json in Resources */,
			);
			runOnlyForDeploymentPostprocessing = 0;
		};
/* End PBXResourcesBuildPhase section */

/* Begin PBXSourcesBuildPhase section */
		86D0B9EA273F065B0099C003 /* Sources */ = {
			isa = PBXSourcesBuildPhase;
			buildActionMask = 2147483647;
			files = (
				86A6EDB12745200900A5EF9B /* CategoryRow.swift in Sources */,
				8652AF84276C800D0032BA6E /* Profile.swift in Sources */,
				86D0B9F4273F065B0099C003 /* ContentView.swift in Sources */,
				866B3275274514F10059203A /* CategoryHome.swift in Sources */,
				86AEAC6B2743FBD300EE2899 /* HikeGraph.swift in Sources */,
				86F8669A27431BA100693F1E /* Badge.swift in Sources */,
				86DC471527407EA400F97802 /* MapView.swift in Sources */,
				86AEAC6A2743FBD300EE2899 /* GraphCapsule.swift in Sources */,
				86D0B9F2273F065B0099C003 /* tryToCodeLandmarksApp.swift in Sources */,
				864E2D7927414C5B008FD08E /* FavoriteButton.swift in Sources */,
				86B37AD92761444F00F71DCE /* CategoryItem.swift in Sources */,
				86AEAC6C2743FBD300EE2899 /* HikeDetail.swift in Sources */,
				8652AF89276C88DE0032BA6E /* ProfileSummary.swift in Sources */,
				864E2D7D274154B0008FD08E /* HexagonParameters.swift in Sources */,
				8652AF87276C829C0032BA6E /* ProfileHost.swift in Sources */,
				86AEAC642743F6B700EE2899 /* Hike.swift in Sources */,
				86F86698274318F800693F1E /* RotatedBadgeSymbol.swift in Sources */,
				86F8669627430EC000693F1E /* BadgeSymbol.swift in Sources */,
				86BA434127409ABE00D4C71F /* LandmarkList.swift in Sources */,
				86AEAC6D2743FBD300EE2899 /* HikeView.swift in Sources */,
				86BA434327409DBA00D4C71F /* LandmarkDetail.swift in Sources */,
				866CEC362741B93000C23414 /* BadgeBackground.swift in Sources */,
				86DC471327407CAA00F97802 /* CircleImage.swift in Sources */,
				86DC47192740864D00F97802 /* Landmark.swift in Sources */,
				86DC47202740915700F97802 /* LandmarkRow.swift in Sources */,
				86DC471B27408B5A00F97802 /* ModelData.swift in Sources */,
			);
			runOnlyForDeploymentPostprocessing = 0;
		};
/* End PBXSourcesBuildPhase section */

/* Begin XCBuildConfiguration section */
		86D0B9FA273F065C0099C003 /* Debug */ = {
			isa = XCBuildConfiguration;
			buildSettings = {
				ALWAYS_SEARCH_USER_PATHS = NO;
				CLANG_ANALYZER_NONNULL = YES;
				CLANG_ANALYZER_NUMBER_OBJECT_CONVERSION = YES_AGGRESSIVE;
				CLANG_CXX_LANGUAGE_STANDARD = "gnu++17";
				CLANG_CXX_LIBRARY = "libc++";
				CLANG_ENABLE_MODULES = YES;
				CLANG_ENABLE_OBJC_ARC = YES;
				CLANG_ENABLE_OBJC_WEAK = YES;
				CLANG_WARN_BLOCK_CAPTURE_AUTORELEASING = YES;
				CLANG_WARN_BOOL_CONVERSION = YES;
				CLANG_WARN_COMMA = YES;
				CLANG_WARN_CONSTANT_CONVERSION = YES;
				CLANG_WARN_DEPRECATED_OBJC_IMPLEMENTATIONS = YES;
				CLANG_WARN_DIRECT_OBJC_ISA_USAGE = YES_ERROR;
				CLANG_WARN_DOCUMENTATION_COMMENTS = YES;
				CLANG_WARN_EMPTY_BODY = YES;
				CLANG_WARN_ENUM_CONVERSION = YES;
				CLANG_WARN_INFINITE_RECURSION = YES;
				CLANG_WARN_INT_CONVERSION = YES;
				CLANG_WARN_NON_LITERAL_NULL_CONVERSION = YES;
				CLANG_WARN_OBJC_IMPLICIT_RETAIN_SELF = YES;
				CLANG_WARN_OBJC_LITERAL_CONVERSION = YES;
				CLANG_WARN_OBJC_ROOT_CLASS = YES_ERROR;
				CLANG_WARN_QUOTED_INCLUDE_IN_FRAMEWORK_HEADER = YES;
				CLANG_WARN_RANGE_LOOP_ANALYSIS = YES;
				CLANG_WARN_STRICT_PROTOTYPES = YES;
				CLANG_WARN_SUSPICIOUS_MOVE = YES;
				CLANG_WARN_UNGUARDED_AVAILABILITY = YES_AGGRESSIVE;
				CLANG_WARN_UNREACHABLE_CODE = YES;
				CLANG_WARN__DUPLICATE_METHOD_MATCH = YES;
				COPY_PHASE_STRIP = NO;
				DEBUG_INFORMATION_FORMAT = dwarf;
				ENABLE_STRICT_OBJC_MSGSEND = YES;
				ENABLE_TESTABILITY = YES;
				GCC_C_LANGUAGE_STANDARD = gnu11;
				GCC_DYNAMIC_NO_PIC = NO;
				GCC_NO_COMMON_BLOCKS = YES;
				GCC_OPTIMIZATION_LEVEL = 0;
				GCC_PREPROCESSOR_DEFINITIONS = (
					"DEBUG=1",
					"$(inherited)",
				);
				GCC_WARN_64_TO_32_BIT_CONVERSION = YES;
				GCC_WARN_ABOUT_RETURN_TYPE = YES_ERROR;
				GCC_WARN_UNDECLARED_SELECTOR = YES;
				GCC_WARN_UNINITIALIZED_AUTOS = YES_AGGRESSIVE;
				GCC_WARN_UNUSED_FUNCTION = YES;
				GCC_WARN_UNUSED_VARIABLE = YES;
				IPHONEOS_DEPLOYMENT_TARGET = 15.0;
				MTL_ENABLE_DEBUG_INFO = INCLUDE_SOURCE;
				MTL_FAST_MATH = YES;
				ONLY_ACTIVE_ARCH = YES;
				SDKROOT = iphoneos;
				SWIFT_ACTIVE_COMPILATION_CONDITIONS = DEBUG;
				SWIFT_OPTIMIZATION_LEVEL = "-Onone";
			};
			name = Debug;
		};
		86D0B9FB273F065C0099C003 /* Release */ = {
			isa = XCBuildConfiguration;
			buildSettings = {
				ALWAYS_SEARCH_USER_PATHS = NO;
				CLANG_ANALYZER_NONNULL = YES;
				CLANG_ANALYZER_NUMBER_OBJECT_CONVERSION = YES_AGGRESSIVE;
				CLANG_CXX_LANGUAGE_STANDARD = "gnu++17";
				CLANG_CXX_LIBRARY = "libc++";
				CLANG_ENABLE_MODULES = YES;
				CLANG_ENABLE_OBJC_ARC = YES;
				CLANG_ENABLE_OBJC_WEAK = YES;
				CLANG_WARN_BLOCK_CAPTURE_AUTORELEASING = YES;
				CLANG_WARN_BOOL_CONVERSION = YES;
				CLANG_WARN_COMMA = YES;
				CLANG_WARN_CONSTANT_CONVERSION = YES;
				CLANG_WARN_DEPRECATED_OBJC_IMPLEMENTATIONS = YES;
				CLANG_WARN_DIRECT_OBJC_ISA_USAGE = YES_ERROR;
				CLANG_WARN_DOCUMENTATION_COMMENTS = YES;
				CLANG_WARN_EMPTY_BODY = YES;
				CLANG_WARN_ENUM_CONVERSION = YES;
				CLANG_WARN_INFINITE_RECURSION = YES;
				CLANG_WARN_INT_CONVERSION = YES;
				CLANG_WARN_NON_LITERAL_NULL_CONVERSION = YES;
				CLANG_WARN_OBJC_IMPLICIT_RETAIN_SELF = YES;
				CLANG_WARN_OBJC_LITERAL_CONVERSION = YES;
				CLANG_WARN_OBJC_ROOT_CLASS = YES_ERROR;
				CLANG_WARN_QUOTED_INCLUDE_IN_FRAMEWORK_HEADER = YES;
				CLANG_WARN_RANGE_LOOP_ANALYSIS = YES;
				CLANG_WARN_STRICT_PROTOTYPES = YES;
				CLANG_WARN_SUSPICIOUS_MOVE = YES;
				CLANG_WARN_UNGUARDED_AVAILABILITY = YES_AGGRESSIVE;
				CLANG_WARN_UNREACHABLE_CODE = YES;
				CLANG_WARN__DUPLICATE_METHOD_MATCH = YES;
				COPY_PHASE_STRIP = NO;
				DEBUG_INFORMATION_FORMAT = "dwarf-with-dsym";
				ENABLE_NS_ASSERTIONS = NO;
				ENABLE_STRICT_OBJC_MSGSEND = YES;
				GCC_C_LANGUAGE_STANDARD = gnu11;
				GCC_NO_COMMON_BLOCKS = YES;
				GCC_WARN_64_TO_32_BIT_CONVERSION = YES;
				GCC_WARN_ABOUT_RETURN_TYPE = YES_ERROR;
				GCC_WARN_UNDECLARED_SELECTOR = YES;
				GCC_WARN_UNINITIALIZED_AUTOS = YES_AGGRESSIVE;
				GCC_WARN_UNUSED_FUNCTION = YES;
				GCC_WARN_UNUSED_VARIABLE = YES;
				IPHONEOS_DEPLOYMENT_TARGET = 15.0;
				MTL_ENABLE_DEBUG_INFO = NO;
				MTL_FAST_MATH = YES;
				SDKROOT = iphoneos;
				SWIFT_COMPILATION_MODE = wholemodule;
				SWIFT_OPTIMIZATION_LEVEL = "-O";
				VALIDATE_PRODUCT = YES;
			};
			name = Release;
		};
		86D0B9FD273F065C0099C003 /* Debug */ = {
			isa = XCBuildConfiguration;
			buildSettings = {
				ASSETCATALOG_COMPILER_APPICON_NAME = AppIcon;
				ASSETCATALOG_COMPILER_GLOBAL_ACCENT_COLOR_NAME = AccentColor;
				CODE_SIGN_STYLE = Automatic;
				CURRENT_PROJECT_VERSION = 1;
				DEVELOPMENT_ASSET_PATHS = "\"tryToCodeLandmarks/Preview Content\"";
				DEVELOPMENT_TEAM = 4WQFD456R9;
				ENABLE_PREVIEWS = YES;
				GENERATE_INFOPLIST_FILE = YES;
				INFOPLIST_KEY_UIApplicationSceneManifest_Generation = YES;
				INFOPLIST_KEY_UIApplicationSupportsIndirectInputEvents = YES;
				INFOPLIST_KEY_UILaunchScreen_Generation = YES;
				INFOPLIST_KEY_UISupportedInterfaceOrientations_iPad = "UIInterfaceOrientationPortrait UIInterfaceOrientationPortraitUpsideDown UIInterfaceOrientationLandscapeLeft UIInterfaceOrientationLandscapeRight";
				INFOPLIST_KEY_UISupportedInterfaceOrientations_iPhone = "UIInterfaceOrientationPortrait UIInterfaceOrientationLandscapeLeft UIInterfaceOrientationLandscapeRight";
				LD_RUNPATH_SEARCH_PATHS = (
					"$(inherited)",
					"@executable_path/Frameworks",
				);
				MARKETING_VERSION = 1.0;
				PRODUCT_BUNDLE_IDENTIFIER = IliaByHimself.tryToCodeLandmarks;
				PRODUCT_NAME = "$(TARGET_NAME)";
				SWIFT_EMIT_LOC_STRINGS = YES;
				SWIFT_VERSION = 5.0;
				TARGETED_DEVICE_FAMILY = "1,2";
			};
			name = Debug;
		};
		86D0B9FE273F065C0099C003 /* Release */ = {
			isa = XCBuildConfiguration;
			buildSettings = {
				ASSETCATALOG_COMPILER_APPICON_NAME = AppIcon;
				ASSETCATALOG_COMPILER_GLOBAL_ACCENT_COLOR_NAME = AccentColor;
				CODE_SIGN_STYLE = Automatic;
				CURRENT_PROJECT_VERSION = 1;
				DEVELOPMENT_ASSET_PATHS = "\"tryToCodeLandmarks/Preview Content\"";
				DEVELOPMENT_TEAM = 4WQFD456R9;
				ENABLE_PREVIEWS = YES;
				GENERATE_INFOPLIST_FILE = YES;
				INFOPLIST_KEY_UIApplicationSceneManifest_Generation = YES;
				INFOPLIST_KEY_UIApplicationSupportsIndirectInputEvents = YES;
				INFOPLIST_KEY_UILaunchScreen_Generation = YES;
				INFOPLIST_KEY_UISupportedInterfaceOrientations_iPad = "UIInterfaceOrientationPortrait UIInterfaceOrientationPortraitUpsideDown UIInterfaceOrientationLandscapeLeft UIInterfaceOrientationLandscapeRight";
				INFOPLIST_KEY_UISupportedInterfaceOrientations_iPhone = "UIInterfaceOrientationPortrait UIInterfaceOrientationLandscapeLeft UIInterfaceOrientationLandscapeRight";
				LD_RUNPATH_SEARCH_PATHS = (
					"$(inherited)",
					"@executable_path/Frameworks",
				);
				MARKETING_VERSION = 1.0;
				PRODUCT_BUNDLE_IDENTIFIER = IliaByHimself.tryToCodeLandmarks;
				PRODUCT_NAME = "$(TARGET_NAME)";
				SWIFT_EMIT_LOC_STRINGS = YES;
				SWIFT_VERSION = 5.0;
				TARGETED_DEVICE_FAMILY = "1,2";
			};
			name = Release;
		};
/* End XCBuildConfiguration section */

/* Begin XCConfigurationList section */
		86D0B9E9273F065B0099C003 /* Build configuration list for PBXProject "tryToCodeLandmarks" */ = {
			isa = XCConfigurationList;
			buildConfigurations = (
				86D0B9FA273F065C0099C003 /* Debug */,
				86D0B9FB273F065C0099C003 /* Release */,
			);
			defaultConfigurationIsVisible = 0;
			defaultConfigurationName = Release;
		};
		86D0B9FC273F065C0099C003 /* Build configuration list for PBXNativeTarget "tryToCodeLandmarks" */ = {
			isa = XCConfigurationList;
			buildConfigurations = (
				86D0B9FD273F065C0099C003 /* Debug */,
				86D0B9FE273F065C0099C003 /* Release */,
			);
			defaultConfigurationIsVisible = 0;
			defaultConfigurationName = Release;
		};
/* End XCConfigurationList section */
	};
	rootObject = 86D0B9E6273F065B0099C003 /* Project object */;
}
